
Microsoft Visual Studio Solution File, Format Version 12.00
# Visual Studio Version 17
VisualStudioVersion = 17.3.32804.467
MinimumVisualStudioVersion = 10.0.40219.1
Project("{FAE04EC0-301F-11D3-BF4B-00C04F79EFBC}") = "cs_console_library", "cs_console_library\cs_console_library.csproj", "{5AE4EC78-6088-43E4-83FC-AE0544B5D29B}"
EndProject
Global
	GlobalSection(SolutionConfigurationPlatforms) = preSolution
		Debug|Any CPU = Debug|Any CPU
		Release|Any CPU = Release|Any CPU
	EndGlobalSection
	GlobalSection(ProjectConfigurationPlatforms) = postSolution
		{5AE4EC78-6088-43E4-83FC-AE0544B5D29B}.Debug|Any CPU.ActiveCfg = Debug|Any CPU
		{5AE4EC78-6088-43E4-83FC-AE0544B5D29B}.Debug|Any CPU.Build.0 = Debug|Any CPU
		{5AE4EC78-6088-43E4-83FC-AE0544B5D29B}.Release|Any CPU.ActiveCfg = Release|Any CPU
		{5AE4EC78-6088-43E4-83FC-AE0544B5D29B}.Release|Any CPU.Build.0 = Release|Any CPU
	EndGlobalSection
	GlobalSection(SolutionProperties) = preSolution
		HideSolutionNode = FALSE
	EndGlobalSection
	GlobalSection(ExtensibilityGlobals) = postSolution
		SolutionGuid = {C1823AA9-3E8A-40C8-AA03-2DC29B9646D8}
	EndGlobalSection
EndGlobal
